// !$*UTF8*$!
{
	archiveVersion = 1;
	classes = {
	};
	objectVersion = 46;
	objects = {

/* Begin PBXBuildFile section */
		C22DCE5A1BC61BDB00ECA5C8 /* main.cpp in Sources */ = {isa = PBXBuildFile; fileRef = C22DCE591BC61BDB00ECA5C8 /* main.cpp */; };
		C22DCE621BC61BEA00ECA5C8 /* Timer.cpp in Sources */ = {isa = PBXBuildFile; fileRef = C22DCE611BC61BEA00ECA5C8 /* Timer.cpp */; };
/* End PBXBuildFile section */

/* Begin PBXCopyFilesBuildPhase section */
		C22DCE541BC61BDB00ECA5C8 /* CopyFiles */ = {
			isa = PBXCopyFilesBuildPhase;
			buildActionMask = 2147483647;
			dstPath = /usr/share/man/man1/;
			dstSubfolderSpec = 0;
			files = (
			);
			runOnlyForDeploymentPostprocessing = 1;
		};
/* End PBXCopyFilesBuildPhase section */

/* Begin PBXFileReference section */
		C22DCE561BC61BDB00ECA5C8 /* Southeaster-Competition-2015-2016 */ = {isa = PBXFileReference; explicitFileType = "compiled.mach-o.executable"; includeInIndex = 0; path = "Southeaster-Competition-2015-2016"; sourceTree = BUILT_PRODUCTS_DIR; };
		C22DCE591BC61BDB00ECA5C8 /* main.cpp */ = {isa = PBXFileReference; lastKnownFileType = sourcecode.cpp.cpp; path = main.cpp; sourceTree = "<group>"; };
		C22DCE601BC61BEA00ECA5C8 /* Timer.h */ = {isa = PBXFileReference; fileEncoding = 4; lastKnownFileType = sourcecode.c.h; path = Timer.h; sourceTree = "<group>"; };
		C22DCE611BC61BEA00ECA5C8 /* Timer.cpp */ = {isa = PBXFileReference; fileEncoding = 4; lastKnownFileType = sourcecode.cpp.cpp; path = Timer.cpp; sourceTree = "<group>"; };
		C22DCE631BC829C900ECA5C8 /* Curve.cs */ = {isa = PBXFileReference; lastKnownFileType = text; path = Curve.cs; sourceTree = "<group>"; };
/* End PBXFileReference section */

/* Begin PBXFrameworksBuildPhase section */
		C22DCE531BC61BDB00ECA5C8 /* Frameworks */ = {
			isa = PBXFrameworksBuildPhase;
			buildActionMask = 2147483647;
			files = (
			);
			runOnlyForDeploymentPostprocessing = 0;
		};
/* End PBXFrameworksBuildPhase section */

/* Begin PBXGroup section */
		C22DCE4D1BC61BDB00ECA5C8 = {
			isa = PBXGroup;
			children = (
				C22DCE581BC61BDB00ECA5C8 /* Southeaster-Competition-2015-2016 */,
				C22DCE571BC61BDB00ECA5C8 /* Products */,
			);
			sourceTree = "<group>";
		};
		C22DCE571BC61BDB00ECA5C8 /* Products */ = {
			isa = PBXGroup;
			children = (
				C22DCE561BC61BDB00ECA5C8 /* Southeaster-Competition-2015-2016 */,
			);
			name = Products;
			sourceTree = "<group>";
		};
		C22DCE581BC61BDB00ECA5C8 /* Southeaster-Competition-2015-2016 */ = {
			isa = PBXGroup;
			children = (
				C22DCE601BC61BEA00ECA5C8 /* Timer.h */,
				C22DCE631BC829C900ECA5C8 /* Curve.cs */,
				C22DCE611BC61BEA00ECA5C8 /* Timer.cpp */,
				C22DCE591BC61BDB00ECA5C8 /* main.cpp */,
			);
			path = "Southeaster-Competition-2015-2016";
			sourceTree = "<group>";
		};
/* End PBXGroup section */

/* Begin PBXNativeTarget section */
		C22DCE551BC61BDB00ECA5C8 /* Southeaster-Competition-2015-2016 */ = {
			isa = PBXNativeTarget;
			buildConfigurationList = C22DCE5D1BC61BDB00ECA5C8 /* Build configuration list for PBXNativeTarget "Southeaster-Competition-2015-2016" */;
			buildPhases = (
				C22DCE521BC61BDB00ECA5C8 /* Sources */,
				C22DCE531BC61BDB00ECA5C8 /* Frameworks */,
				C22DCE541BC61BDB00ECA5C8 /* CopyFiles */,
			);
			buildRules = (
			);
			dependencies = (
			);
			name = "Southeaster-Competition-2015-2016";
			productName = "Southeaster-Competition-2015-2016";
			productReference = C22DCE561BC61BDB00ECA5C8 /* Southeaster-Competition-2015-2016 */;
			productType = "com.apple.product-type.tool";
		};
/* End PBXNativeTarget section */

/* Begin PBXProject section */
		C22DCE4E1BC61BDB00ECA5C8 /* Project object */ = {
			isa = PBXProject;
			attributes = {
				LastUpgradeCheck = 0610;
				ORGANIZATIONNAME = "James Landess";
				TargetAttributes = {
					C22DCE551BC61BDB00ECA5C8 = {
						CreatedOnToolsVersion = 6.1.1;
					};
				};
			};
			buildConfigurationList = C22DCE511BC61BDB00ECA5C8 /* Build configuration list for PBXProject "Southeaster-Competition-2015-2016" */;
			compatibilityVersion = "Xcode 3.2";
			developmentRegion = English;
			hasScannedForEncodings = 0;
			knownRegions = (
				en,
			);
			mainGroup = C22DCE4D1BC61BDB00ECA5C8;
			productRefGroup = C22DCE571BC61BDB00ECA5C8 /* Products */;
			projectDirPath = "";
			projectRoot = "";
			targets = (
				C22DCE551BC61BDB00ECA5C8 /* Southeaster-Competition-2015-2016 */,
			);
		};
/* End PBXProject section */

/* Begin PBXSourcesBuildPhase section */
		C22DCE521BC61BDB00ECA5C8 /* Sources */ = {
			isa = PBXSourcesBuildPhase;
			buildActionMask = 2147483647;
			files = (
				C22DCE5A1BC61BDB00ECA5C8 /* main.cpp in Sources */,
				C22DCE621BC61BEA00ECA5C8 /* Timer.cpp in Sources */,
			);
			runOnlyForDeploymentPostprocessing = 0;
		};
/* End PBXSourcesBuildPhase section */

/* Begin XCBuildConfiguration section */
		C22DCE5B1BC61BDB00ECA5C8 /* Debug */ = {
			isa = XCBuildConfiguration;
			buildSettings = {
				ALWAYS_SEARCH_USER_PATHS = NO;
				CLANG_CXX_LANGUAGE_STANDARD = "gnu++0x";
				CLANG_CXX_LIBRARY = "libc++";
				CLANG_ENABLE_MODULES = YES;
				CLANG_ENABLE_OBJC_ARC = YES;
				CLANG_WARN_BOOL_CONVERSION = YES;
				CLANG_WARN_CONSTANT_CONVERSION = YES;
				CLANG_WARN_DIRECT_OBJC_ISA_USAGE = YES_ERROR;
				CLANG_WARN_EMPTY_BODY = YES;
				CLANG_WARN_ENUM_CONVERSION = YES;
				CLANG_WARN_INT_CONVERSION = YES;
				CLANG_WARN_OBJC_ROOT_CLASS = YES_ERROR;
				CLANG_WARN_UNREACHABLE_CODE = YES;
				CLANG_WARN__DUPLICATE_METHOD_MATCH = YES;
				COPY_PHASE_STRIP = NO;
				ENABLE_STRICT_OBJC_MSGSEND = YES;
				GCC_C_LANGUAGE_STANDARD = gnu99;
				GCC_DYNAMIC_NO_PIC = NO;
				GCC_OPTIMIZATION_LEVEL = 0;
				GCC_PREPROCESSOR_DEFINITIONS = (
					"DEBUG=1",
					"$(inherited)",
				);
				GCC_SYMBOLS_PRIVATE_EXTERN = NO;
				GCC_WARN_64_TO_32_BIT_CONVERSION = YES;
				GCC_WARN_ABOUT_RETURN_TYPE = YES_ERROR;
				GCC_WARN_UNDECLARED_SELECTOR = YES;
				GCC_WARN_UNINITIALIZED_AUTOS = YES_AGGRESSIVE;
				GCC_WARN_UNUSED_FUNCTION = YES;
				GCC_WARN_UNUSED_VARIABLE = YES;
				MACOSX_DEPLOYMENT_TARGET = 10.10;
				MTL_ENABLE_DEBUG_INFO = YES;
				ONLY_ACTIVE_ARCH = YES;
				SDKROOT = macosx;
			};
			name = Debug;
		};
		C22DCE5C1BC61BDB00ECA5C8 /* Release */ = {
			isa = XCBuildConfiguration;
			buildSettings = {
				ALWAYS_SEARCH_USER_PATHS = NO;
				CLANG_CXX_LANGUAGE_STANDARD = "gnu++0x";
				CLANG_CXX_LIBRARY = "libc++";
				CLANG_ENABLE_MODULES = YES;
				CLANG_ENABLE_OBJC_ARC = YES;
				CLANG_WARN_BOOL_CONVERSION = YES;
				CLANG_WARN_CONSTANT_CONVERSION = YES;
				CLANG_WARN_DIRECT_OBJC_ISA_USAGE = YES_ERROR;
				CLANG_WARN_EMPTY_BODY = YES;
				CLANG_WARN_ENUM_CONVERSION = YES;
				CLANG_WARN_INT_CONVERSION = YES;
				CLANG_WARN_OBJC_ROOT_CLASS = YES_ERROR;
				CLANG_WARN_UNREACHABLE_CODE = YES;
				CLANG_WARN__DUPLICATE_METHOD_MATCH = YES;
				COPY_PHASE_STRIP = YES;
				DEBUG_INFORMATION_FORMAT = "dwarf-with-dsym";
				ENABLE_NS_ASSERTIONS = NO;
				ENABLE_STRICT_OBJC_MSGSEND = YES;
				GCC_C_LANGUAGE_STANDARD = gnu99;
				GCC_WARN_64_TO_32_BIT_CONVERSION = YES;
				GCC_WARN_ABOUT_RETURN_TYPE = YES_ERROR;
				GCC_WARN_UNDECLARED_SELECTOR = YES;
				GCC_WARN_UNINITIALIZED_AUTOS = YES_AGGRESSIVE;
				GCC_WARN_UNUSED_FUNCTION = YES;
				GCC_WARN_UNUSED_VARIABLE = YES;
				MACOSX_DEPLOYMENT_TARGET = 10.10;
				MTL_ENABLE_DEBUG_INFO = NO;
				SDKROOT = macosx;
			};
			name = Release;
		};
		C22DCE5E1BC61BDB00ECA5C8 /* Debug */ = {
			isa = XCBuildConfiguration;
			buildSettings = {
				PRODUCT_NAME = "$(TARGET_NAME)";
			};
			name = Debug;
		};
		C22DCE5F1BC61BDB00ECA5C8 /* Release */ = {
			isa = XCBuildConfiguration;
			buildSettings = {
				PRODUCT_NAME = "$(TARGET_NAME)";
			};
			name = Release;
		};
/* End XCBuildConfiguration section */

/* Begin XCConfigurationList section */
		C22DCE511BC61BDB00ECA5C8 /* Build configuration list for PBXProject "Southeaster-Competition-2015-2016" */ = {
			isa = XCConfigurationList;
			buildConfigurations = (
				C22DCE5B1BC61BDB00ECA5C8 /* Debug */,
				C22DCE5C1BC61BDB00ECA5C8 /* Release */,
			);
			defaultConfigurationIsVisible = 0;
			defaultConfigurationName = Release;
		};
		C22DCE5D1BC61BDB00ECA5C8 /* Build configuration list for PBXNativeTarget "Southeaster-Competition-2015-2016" */ = {
			isa = XCConfigurationList;
			buildConfigurations = (
				C22DCE5E1BC61BDB00ECA5C8 /* Debug */,
				C22DCE5F1BC61BDB00ECA5C8 /* Release */,
			);
			defaultConfigurationIsVisible = 0;
		};
/* End XCConfigurationList section */
	};
	rootObject = C22DCE4E1BC61BDB00ECA5C8 /* Project object */;
}
